
Microsoft Visual Studio Solution File, Format Version 11.00
# Visual Studio 2010
Project("{8BC9CEB8-8B4A-11D0-8D11-00A0C91BC942}") = "solution", "solution\solution.vcxproj", "{2EEB8A17-16EC-4A87-925B-C48FC435FFFD}"
EndProject
Global
	GlobalSection(SolutionConfigurationPlatforms) = preSolution
		Debug|Win32 = Debug|Win32
		Release|Win32 = Release|Win32
	EndGlobalSection
	GlobalSection(ProjectConfigurationPlatforms) = postSolution
		{2EEB8A17-16EC-4A87-925B-C48FC435FFFD}.Debug|Win32.ActiveCfg = Debug|Win32
		{2EEB8A17-16EC-4A87-925B-C48FC435FFFD}.Debug|Win32.Build.0 = Debug|Win32
		{2EEB8A17-16EC-4A87-925B-C48FC435FFFD}.Release|Win32.ActiveCfg = Release|Win32
		{2EEB8A17-16EC-4A87-925B-C48FC435FFFD}.Release|Win32.Build.0 = Release|Win32
	EndGlobalSection
	GlobalSection(SolutionProperties) = preSolution
		HideSolutionNode = FALSE
	EndGlobalSection
EndGlobal
