
Microsoft Visual Studio Solution File, Format Version 11.00
# Visual Studio 2010
Project("{8BC9CEB8-8B4A-11D0-8D11-00A0C91BC942}") = "prvniUkol", "prvniUkol\prvniUkol.vcxproj", "{763273B9-12CA-4CF1-82F3-470FB6A9B107}"
EndProject
Global
	GlobalSection(SolutionConfigurationPlatforms) = preSolution
		Debug|Win32 = Debug|Win32
		Release|Win32 = Release|Win32
	EndGlobalSection
	GlobalSection(ProjectConfigurationPlatforms) = postSolution
		{763273B9-12CA-4CF1-82F3-470FB6A9B107}.Debug|Win32.ActiveCfg = Debug|Win32
		{763273B9-12CA-4CF1-82F3-470FB6A9B107}.Debug|Win32.Build.0 = Debug|Win32
		{763273B9-12CA-4CF1-82F3-470FB6A9B107}.Release|Win32.ActiveCfg = Release|Win32
		{763273B9-12CA-4CF1-82F3-470FB6A9B107}.Release|Win32.Build.0 = Release|Win32
	EndGlobalSection
	GlobalSection(SolutionProperties) = preSolution
		HideSolutionNode = FALSE
	EndGlobalSection
EndGlobal
